github.com/gopherjs/gopherjs v0.0.0-20181103185306-d547d1d9531e/go.mod h1:wJfORRmW1u3UXTncJ5qlYoELFm8eSnnEO6hX4iZ3EWY=
github.com/gopherjs/vecty v0.0.0-20190121070609-2a1e317a95ae/go.mod h1:cCfq26X9MMEw/ZgZRpDDNSWfC7CO/u2ba/nGpjEVM/o=
github.com/gopherjs/vecty v0.5.0 h1:pnaU0yIo0sT3WlDXi22WA9FNhwiswnHb+1mbS8wISW4=
github.com/gopherjs/vecty v0.5.0/go.mod h1:Yd9AOfl6lN1BWnVnvaSBwKiTCAcnlIGGvdsODOOZ9RY=
github.com/gopherjs/vecty/example v0.0.0-20200816034955-3654578c562f h1:kGiszhEj/NRS3gHksxoExkCniA41aabKQpwfLdFZbYw=
github.com/gopherjs/vecty/example v0.0.0-20200816034955-3654578c562f/go.mod h1:Q+pviq0v9oAECJMu9Ti/nfy2UlaZ90hTlbo2EzOH/I4=
github.com/microcosm-cc/bluemonday v1.0.2 h1:5lPfLTTAvAbtS0VqT+94yOtFnGfUWYyx0+iToC3Os3s=
github.com/microcosm-cc/bluemonday v1.0.2/go.mod h1:iVP4YcDBq+n/5fb23BhYFvIMq/leAFZyRl6bYmGDlGc=
github.com/shurcooL/sanitized_anchor_name v1.0.0 h1:PdmoCO6wvbs+7yrJyMORt4/BmY5IYyJwS/kOiWx8mHo=
github.com/shurcooL/sanitized_anchor_name v1.0.0/go.mod h1:1NzhyTcUVG4SuEtjjoZeVRXNmyL/1OwPU0+IJeTBvfc=
github.com/slimsag/blackfriday v2.0.0+incompatible h1:3mjnT4p/+Ow8j8/T6H01S5pxXNPhVuOBzxmAbsszxi4=
github.com/slimsag/blackfriday v2.0.0+incompatible/go.mod h1:K2UwInbJ1ywJkRQ2IMfjP071c3KZu7FiOn2NW97ckKk=
golang.org/x/net v0.0.0-20181220203305-927f97764cc3 h1:eH6Eip3UpmR+yM/qI9Ijluzb1bNv/cAU/n+6l8tRSis=
golang.org/x/net v0.0.0-20181220203305-927f97764cc3/go.mod h1:mL1N/T3taQHkDXs73rZJwtUhF3w3ftmwwsq0BUmARs4=
